# This file is @generated by PDM.
# It is not intended for manual editing.

[metadata]
groups = ["default"]
strategy = ["inherit_metadata"]
lock_version = "4.5.0"
content_hash = "sha256:75cc472128f8cbc92342ded00d5c4d0f72abd4114c704974ff00f426bb2e1477"

[[metadata.targets]]
requires_python = "==3.10.*"

[[package]]
name = "attrs"
version = "25.3.0"
requires_python = ">=3.8"
summary = "Classes Without Boilerplate"
groups = ["default"]
files = [
    {file = "attrs-25.3.0-py3-none-any.whl", hash = "sha256:427318ce031701fea540783410126f03899a97ffc6f61596ad581ac2e40e3bc3"},
    {file = "attrs-25.3.0.tar.gz", hash = "sha256:75d7cefc7fb576747b2c81b4442d4d4a1ce0900973527c011d1030fd3bf4af1b"},
]

[[package]]
name = "aws-cdk-asset-awscli-v1"
version = "2.2.240"
requires_python = "~=3.9"
summary = "A library that contains the AWS CLI for use in Lambda Layers"
groups = ["default"]
dependencies = [
    "jsii<2.0.0,>=1.112.0",
    "publication>=0.0.3",
    "typeguard<4.3.0,>=2.13.3",
]
files = [
    {file = "aws_cdk_asset_awscli_v1-2.2.240-py3-none-any.whl", hash = "sha256:bcfa7124d40b9180697489d6875ed1c34a5dbb4db6eaad68148664c0d56b5af1"},
    {file = "aws_cdk_asset_awscli_v1-2.2.240.tar.gz", hash = "sha256:73a0787fedcc7e2010779593aa0c66398a4bc8e2291c918b07edc11ffd092612"},
]

[[package]]
name = "aws-cdk-asset-node-proxy-agent-v6"
version = "2.1.0"
requires_python = "~=3.8"
summary = "@aws-cdk/asset-node-proxy-agent-v6"
groups = ["default"]
dependencies = [
    "jsii<2.0.0,>=1.103.1",
    "publication>=0.0.3",
    "typeguard<5.0.0,>=2.13.3",
]
files = [
    {file = "aws_cdk.asset_node_proxy_agent_v6-2.1.0-py3-none-any.whl", hash = "sha256:24a388b69a44d03bae6dbf864c4e25ba650d4b61c008b4568b94ffbb9a69e40e"},
    {file = "aws_cdk_asset_node_proxy_agent_v6-2.1.0.tar.gz", hash = "sha256:1f292c0631f86708ba4ee328b3a2b229f7e46ea1c79fbde567ee9eb119c2b0e2"},
]

[[package]]
name = "aws-cdk-aws-lambda-python-alpha"
version = "2.202.0a0"
requires_python = "~=3.9"
summary = "The CDK Construct Library for AWS Lambda in Python"
groups = ["default"]
dependencies = [
    "aws-cdk-lib<3.0.0,>=2.202.0",
    "constructs<11.0.0,>=10.0.0",
    "jsii<2.0.0,>=1.112.0",
    "publication>=0.0.3",
    "typeguard<4.3.0,>=2.13.3",
]
files = [
    {file = "aws_cdk_aws_lambda_python_alpha-2.202.0a0-py3-none-any.whl", hash = "sha256:26afb0810b4984af77c0a4412f3e0f1e93c88257acf142c47919052a7c9ba7a9"},
    {file = "aws_cdk_aws_lambda_python_alpha-2.202.0a0.tar.gz", hash = "sha256:c76e29168d30331443db8f54a6ceb2622b3418b6477f31d1f4e6ab62cfc91a07"},
]

[[package]]
name = "aws-cdk-cloud-assembly-schema"
version = "44.8.0"
requires_python = "~=3.9"
summary = "Schema for the protocol between CDK framework and CDK CLI"
groups = ["default"]
dependencies = [
    "jsii<2.0.0,>=1.112.0",
    "publication>=0.0.3",
    "typeguard<4.3.0,>=2.13.3",
]
files = [
    {file = "aws_cdk_cloud_assembly_schema-44.8.0-py3-none-any.whl", hash = "sha256:3d76cdb871918794941eab5292e7dc13acd1fced61e00c8aba47db257fae33a2"},
    {file = "aws_cdk_cloud_assembly_schema-44.8.0.tar.gz", hash = "sha256:31b88005f070dddc77a7fd10fa4eb1f366c97dd03461ce78db37bbbd07708466"},
]

[[package]]
name = "aws-cdk-lib"
version = "2.202.0"
requires_python = "~=3.9"
summary = "Version 2 of the AWS Cloud Development Kit library"
groups = ["default"]
dependencies = [
    "aws-cdk-asset-awscli-v1==2.2.240",
    "aws-cdk-asset-node-proxy-agent-v6<3.0.0,>=2.1.0",
    "aws-cdk-cloud-assembly-schema<45.0.0,>=44.2.0",
    "constructs<11.0.0,>=10.0.0",
    "jsii<2.0.0,>=1.112.0",
    "publication>=0.0.3",
    "typeguard<4.3.0,>=2.13.3",
]
files = [
    {file = "aws_cdk_lib-2.202.0-py3-none-any.whl", hash = "sha256:38183380494cef1fca47660536d704b9a2af461399580220939306f0c27f9db1"},
    {file = "aws_cdk_lib-2.202.0.tar.gz", hash = "sha256:cd01bff16595b8f0740b302c16ff9bcf64bf43fe035332052a0b4b89c5338710"},
]

[[package]]
name = "boto3"
version = "1.38.45"
requires_python = ">=3.9"
summary = "The AWS SDK for Python"
groups = ["default"]
dependencies = [
    "botocore<1.39.0,>=1.38.45",
    "jmespath<2.0.0,>=0.7.1",
    "s3transfer<0.14.0,>=0.13.0",
]
files = [
    {file = "boto3-1.38.45-py3-none-any.whl", hash = "sha256:2868b1abd093aeaf0a6b9c25b275a11d623fd075469d1d51f4fbdf8a77451356"},
    {file = "boto3-1.38.45.tar.gz", hash = "sha256:1123c9fb1d46cb6fb2c8579fb411c564c34d05c531755fa1548524df63f5e023"},
]

[[package]]
name = "botocore"
version = "1.38.45"
requires_python = ">=3.9"
summary = "Low-level, data-driven core of boto 3."
groups = ["default"]
dependencies = [
    "jmespath<2.0.0,>=0.7.1",
    "python-dateutil<3.0.0,>=2.1",
    "urllib3!=2.2.0,<3,>=1.25.4; python_version >= \"3.10\"",
    "urllib3<1.27,>=1.25.4; python_version < \"3.10\"",
]
files = [
    {file = "botocore-1.38.45-py3-none-any.whl", hash = "sha256:ea8be5a9c10ac557bebd823044b386f50ebb905e173dd5927a4233405d36c797"},
    {file = "botocore-1.38.45.tar.gz", hash = "sha256:02e14c45c350532cc64e3cc8ccb9adf25af4cca750f7d7e765a43fbe3df06aed"},
]

[[package]]
name = "cattrs"
version = "24.1.3"
requires_python = ">=3.8"
summary = "Composable complex class support for attrs and dataclasses."
groups = ["default"]
dependencies = [
    "attrs>=23.1.0",
    "exceptiongroup>=1.1.1; python_version < \"3.11\"",
    "typing-extensions!=4.6.3,>=4.1.0; python_version < \"3.11\"",
]
files = [
    {file = "cattrs-24.1.3-py3-none-any.whl", hash = "sha256:adf957dddd26840f27ffbd060a6c4dd3b2192c5b7c2c0525ef1bd8131d8a83f5"},
    {file = "cattrs-24.1.3.tar.gz", hash = "sha256:981a6ef05875b5bb0c7fb68885546186d306f10f0f6718fe9b96c226e68821ff"},
]

[[package]]
name = "constructs"
version = "10.4.2"
requires_python = "~=3.8"
summary = "A programming model for software-defined state"
groups = ["default"]
dependencies = [
    "jsii<2.0.0,>=1.102.0",
    "publication>=0.0.3",
    "typeguard~=2.13.3",
]
files = [
    {file = "constructs-10.4.2-py3-none-any.whl", hash = "sha256:1f0f59b004edebfde0f826340698b8c34611f57848139b7954904c61645f13c1"},
    {file = "constructs-10.4.2.tar.gz", hash = "sha256:ce54724360fffe10bab27d8a081844eb81f5ace7d7c62c84b719c49f164d5307"},
]

[[package]]
name = "exceptiongroup"
version = "1.3.0"
requires_python = ">=3.7"
summary = "Backport of PEP 654 (exception groups)"
groups = ["default"]
marker = "python_version < \"3.11\""
dependencies = [
    "typing-extensions>=4.6.0; python_version < \"3.13\"",
]
files = [
    {file = "exceptiongroup-1.3.0-py3-none-any.whl", hash = "sha256:4d111e6e0c13d0644cad6ddaa7ed0261a0b36971f6d23e7ec9b4b9097da78a10"},
    {file = "exceptiongroup-1.3.0.tar.gz", hash = "sha256:b241f5885f560bc56a59ee63ca4c6a8bfa46ae4ad651af316d4e81817bb9fd88"},
]

[[package]]
name = "importlib-resources"
version = "6.5.2"
requires_python = ">=3.9"
summary = "Read resources from Python packages"
groups = ["default"]
dependencies = [
    "zipp>=3.1.0; python_version < \"3.10\"",
]
files = [
    {file = "importlib_resources-6.5.2-py3-none-any.whl", hash = "sha256:789cfdc3ed28c78b67a06acb8126751ced69a3d5f79c095a98298cd8a760ccec"},
    {file = "importlib_resources-6.5.2.tar.gz", hash = "sha256:185f87adef5bcc288449d98fb4fba07cea78bc036455dd44c5fc4a2fe78fed2c"},
]

[[package]]
name = "jmespath"
version = "1.0.1"
requires_python = ">=3.7"
summary = "JSON Matching Expressions"
groups = ["default"]
files = [
    {file = "jmespath-1.0.1-py3-none-any.whl", hash = "sha256:02e2e4cc71b5bcab88332eebf907519190dd9e6e82107fa7f83b1003a6252980"},
    {file = "jmespath-1.0.1.tar.gz", hash = "sha256:90261b206d6defd58fdd5e85f478bf633a2901798906be2ad389150c5c60edbe"},
]

[[package]]
name = "jsii"
version = "1.112.0"
requires_python = "~=3.9"
summary = "Python client for jsii runtime"
groups = ["default"]
dependencies = [
    "attrs<26.0,>=21.2",
    "cattrs<24.2,>=1.8",
    "importlib-resources>=5.2.0",
    "publication>=0.0.3",
    "python-dateutil",
    "typeguard<4.5.0,>=2.13.3",
    "typing-extensions<5.0,>=3.8",
]
files = [
    {file = "jsii-1.112.0-py3-none-any.whl", hash = "sha256:6510c223074d9b206fd0570849a791e4d9ecfff7ffe68428de73870cea9f55a1"},
    {file = "jsii-1.112.0.tar.gz", hash = "sha256:6b7d19f361c2565b76828ecbe8cbed8b8d6028a82aa98a46b206a4ee5083157e"},
]

[[package]]
name = "publication"
version = "0.0.3"
summary = "Publication helps you maintain public-api-friendly modules by preventing unintentional access to private implementation details via introspection."
groups = ["default"]
files = [
    {file = "publication-0.0.3-py2.py3-none-any.whl", hash = "sha256:0248885351febc11d8a1098d5c8e3ab2dabcf3e8c0c96db1e17ecd12b53afbe6"},
    {file = "publication-0.0.3.tar.gz", hash = "sha256:68416a0de76dddcdd2930d1c8ef853a743cc96c82416c4e4d3b5d901c6276dc4"},
]

[[package]]
name = "python-dateutil"
version = "2.9.0.post0"
requires_python = "!=3.0.*,!=3.1.*,!=3.2.*,>=2.7"
summary = "Extensions to the standard Python datetime module"
groups = ["default"]
dependencies = [
    "six>=1.5",
]
files = [
    {file = "python-dateutil-2.9.0.post0.tar.gz", hash = "sha256:37dd54208da7e1cd875388217d5e00ebd4179249f90fb72437e91a35459a0ad3"},
    {file = "python_dateutil-2.9.0.post0-py2.py3-none-any.whl", hash = "sha256:a8b2bc7bffae282281c8140a97d3aa9c14da0b136dfe83f850eea9a5f7470427"},
]

[[package]]
name = "python-dotenv"
version = "1.1.1"
requires_python = ">=3.9"
summary = "Read key-value pairs from a .env file and set them as environment variables"
groups = ["default"]
files = [
    {file = "python_dotenv-1.1.1-py3-none-any.whl", hash = "sha256:31f23644fe2602f88ff55e1f5c79ba497e01224ee7737937930c448e4d0e24dc"},
    {file = "python_dotenv-1.1.1.tar.gz", hash = "sha256:a8a6399716257f45be6a007360200409fce5cda2661e3dec71d23dc15f6189ab"},
]

[[package]]
name = "s3transfer"
version = "0.13.0"
requires_python = ">=3.9"
summary = "An Amazon S3 Transfer Manager"
groups = ["default"]
dependencies = [
    "botocore<2.0a.0,>=1.37.4",
]
files = [
    {file = "s3transfer-0.13.0-py3-none-any.whl", hash = "sha256:0148ef34d6dd964d0d8cf4311b2b21c474693e57c2e069ec708ce043d2b527be"},
    {file = "s3transfer-0.13.0.tar.gz", hash = "sha256:f5e6db74eb7776a37208001113ea7aa97695368242b364d73e91c981ac522177"},
]

[[package]]
name = "six"
version = "1.17.0"
requires_python = "!=3.0.*,!=3.1.*,!=3.2.*,>=2.7"
summary = "Python 2 and 3 compatibility utilities"
groups = ["default"]
files = [
    {file = "six-1.17.0-py2.py3-none-any.whl", hash = "sha256:4721f391ed90541fddacab5acf947aa0d3dc7d27b2e1e8eda2be8970586c3274"},
    {file = "six-1.17.0.tar.gz", hash = "sha256:ff70335d468e7eb6ec65b95b99d3a2836546063f63acc5171de367e834932a81"},
]

[[package]]
name = "typeguard"
version = "2.13.3"
requires_python = ">=3.5.3"
summary = "Run-time type checker for Python"
groups = ["default"]
files = [
    {file = "typeguard-2.13.3-py3-none-any.whl", hash = "sha256:5e3e3be01e887e7eafae5af63d1f36c849aaa94e3a0112097312aabfa16284f1"},
    {file = "typeguard-2.13.3.tar.gz", hash = "sha256:00edaa8da3a133674796cf5ea87d9f4b4c367d77476e185e80251cc13dfbb8c4"},
]

[[package]]
name = "typing-extensions"
version = "4.14.0"
requires_python = ">=3.9"
summary = "Backported and Experimental Type Hints for Python 3.9+"
groups = ["default"]
files = [
    {file = "typing_extensions-4.14.0-py3-none-any.whl", hash = "sha256:a1514509136dd0b477638fc68d6a91497af5076466ad0fa6c338e44e359944af"},
    {file = "typing_extensions-4.14.0.tar.gz", hash = "sha256:8676b788e32f02ab42d9e7c61324048ae4c6d844a399eebace3d4979d75ceef4"},
]

[[package]]
name = "urllib3"
version = "2.5.0"
requires_python = ">=3.9"
summary = "HTTP library with thread-safe connection pooling, file post, and more."
groups = ["default"]
marker = "python_version >= \"3.10\""
files = [
    {file = "urllib3-2.5.0-py3-none-any.whl", hash = "sha256:e6b01673c0fa6a13e374b50871808eb3bf7046c4b125b216f6bf1cc604cff0dc"},
    {file = "urllib3-2.5.0.tar.gz", hash = "sha256:3fc47733c7e419d4bc3f6b3dc2b4f890bb743906a30d56ba4a5bfa4bbff92760"},
]
